
Microsoft Visual Studio Solution File, Format Version 12.00
# Visual Studio 15
VisualStudioVersion = 15.0.27428.1
MinimumVisualStudioVersion = 10.0.40219.1
Project("{6EC3EE1D-3C4E-46DD-8F32-0CC8E7565705}") = "patref", "patref.fsproj", "{B48A7162-B24D-4037-AB70-A2B924007BE7}"
EndProject
Global
	GlobalSection(SolutionConfigurationPlatforms) = preSolution
		Debug|Any CPU = Debug|Any CPU
		Release|Any CPU = Release|Any CPU
	EndGlobalSection
	GlobalSection(ProjectConfigurationPlatforms) = postSolution
		{B48A7162-B24D-4037-AB70-A2B924007BE7}.Debug|Any CPU.ActiveCfg = Debug|Any CPU
		{B48A7162-B24D-4037-AB70-A2B924007BE7}.Debug|Any CPU.Build.0 = Debug|Any CPU
		{B48A7162-B24D-4037-AB70-A2B924007BE7}.Release|Any CPU.ActiveCfg = Release|Any CPU
		{B48A7162-B24D-4037-AB70-A2B924007BE7}.Release|Any CPU.Build.0 = Release|Any CPU
	EndGlobalSection
	GlobalSection(SolutionProperties) = preSolution
		HideSolutionNode = FALSE
	EndGlobalSection
	GlobalSection(ExtensibilityGlobals) = postSolution
		SolutionGuid = {E3E7A4B8-305E-464B-88C2-56D6A28369AE}
	EndGlobalSection
EndGlobal
